
Microsoft Visual Studio Solution File, Format Version 12.00
# Visual Studio Version 17
VisualStudioVersion = 17.9.34701.34
MinimumVisualStudioVersion = 10.0.40219.1
Project("{FAE04EC0-301F-11D3-BF4B-00C04F79EFBC}") = "LeetCodeSolutions", "LeetCodeSolutions\LeetCodeSolutions.csproj", "{874D91D0-4985-4ADE-9450-A57B6AED2C66}"
EndProject
Global
	GlobalSection(SolutionConfigurationPlatforms) = preSolution
		Debug|Any CPU = Debug|Any CPU
		Release|Any CPU = Release|Any CPU
	EndGlobalSection
	GlobalSection(ProjectConfigurationPlatforms) = postSolution
		{874D91D0-4985-4ADE-9450-A57B6AED2C66}.Debug|Any CPU.ActiveCfg = Debug|Any CPU
		{874D91D0-4985-4ADE-9450-A57B6AED2C66}.Debug|Any CPU.Build.0 = Debug|Any CPU
		{874D91D0-4985-4ADE-9450-A57B6AED2C66}.Release|Any CPU.ActiveCfg = Release|Any CPU
		{874D91D0-4985-4ADE-9450-A57B6AED2C66}.Release|Any CPU.Build.0 = Release|Any CPU
	EndGlobalSection
	GlobalSection(SolutionProperties) = preSolution
		HideSolutionNode = FALSE
	EndGlobalSection
	GlobalSection(ExtensibilityGlobals) = postSolution
		SolutionGuid = {98467FD7-7FD1-4BEA-B6B6-128DE10709FE}
	EndGlobalSection
EndGlobal
